<?xml version="1.0" encoding="utf-8"?>
<Project ToolsVersion="4.0" xmlns="http://schemas.microsoft.com/developer/msbuild/2003">
  <ItemGroup>
    <Filter Include="Source Files">
      <UniqueIdentifier>{4FC737F1-C7A5-4376-A066-2A32D752A2FF}</UniqueIdentifier>
      <Extensions>cpp;c;cc;cxx;def;odl;idl;hpj;bat;asm;asmx</Extensions>
    </Filter>
    <Filter Include="Header Files">
      <UniqueIdentifier>{93995380-89BD-4b04-88EB-625FBE52EBFB}</UniqueIdentifier>
      <Extensions>h;hh;hpp;hxx;hm;inl;inc;xsd</Extensions>
    </Filter>
    <Filter Include="Resource Files">
      <UniqueIdentifier>{67DA6AB6-F800-4c08-8B7A-83BB121AAD01}</UniqueIdentifier>
      <Extensions>rc;ico;cur;bmp;dlg;rc2;rct;bin;rgs;gif;jpg;jpeg;jpe;resx;tiff;tif;png;wav;mfcribbon-ms</Extensions>
    </Filter>
    <Filter Include="Header Files\Entities">
      <UniqueIdentifier>{29608d89-2127-480c-8d61-b46a7a0a8afe}</UniqueIdentifier>
    </Filter>
    <Filter Include="Header Files\Managers">
      <UniqueIdentifier>{242d4156-d1a6-407f-88ab-dd7938f5a9e6}</UniqueIdentifier>
    </Filter>
    <Filter Include="Header Files\Physics">
      <UniqueIdentifier>{d17174cd-1b4c-4325-a612-95a5f3b04384}</UniqueIdentifier>
    </Filter>
    <Filter Include="Source Files\Entities">
      <UniqueIdentifier>{609ea86c-a209-4ee5-8448-d49938229102}</UniqueIdentifier>
    </Filter>
    <Filter Include="Source Files\Managers">
      <UniqueIdentifier>{6682617d-aced-4bc2-90b3-2bfff9eab73f}</UniqueIdentifier>
    </Filter>
    <Filter Include="Source Files\Physics">
      <UniqueIdentifier>{80ba64df-c7e4-4886-8fc4-45580aae93a3}</UniqueIdentifier>
    </Filter>
    <Filter Include="Header Files\Tanks">
      <UniqueIdentifier>{7674e449-199b-409f-a027-3f1a7470942b}</UniqueIdentifier>
    </Filter>
    <Filter Include="Source Files\Tanks">
      <UniqueIdentifier>{fe185804-0c76-4bfc-a4f9-547e570ddc4c}</UniqueIdentifier>
    </Filter>
    <Filter Include="Source Files\Tanks\Screens">
      <UniqueIdentifier>{87734f35-fea4-419f-a722-b95f8a00cfaf}</UniqueIdentifier>
    </Filter>
    <Filter Include="Header Files\Tanks\Screens">
      <UniqueIdentifier>{879b3138-d88d-4d8e-a452-41de978d2b42}</UniqueIdentifier>
    </Filter>
    <Filter Include="Source Files\Tanks\Actors">
      <UniqueIdentifier>{be90103f-4366-475e-9b10-749e7ca7a6e8}</UniqueIdentifier>
    </Filter>
    <Filter Include="Header Files\Tanks\Actors">
      <UniqueIdentifier>{aafa12ea-f7d7-4768-8912-2b6585b892bd}</UniqueIdentifier>
    </Filter>
    <Filter Include="Header Files\Tanks\Enemies">
      <UniqueIdentifier>{253842a1-a616-48f2-a915-02705cb401c9}</UniqueIdentifier>
    </Filter>
    <Filter Include="Source Files\Tanks\Enemies">
      <UniqueIdentifier>{25662692-987d-47a8-89c2-72b9ad7007ae}</UniqueIdentifier>
    </Filter>
    <Filter Include="Source Files\Tanks\Interface">
      <UniqueIdentifier>{c53589a6-4894-43f4-844d-fd55673c4c07}</UniqueIdentifier>
    </Filter>
    <Filter Include="Header Files\Tanks\Interface">
      <UniqueIdentifier>{2e25832e-9ad6-4efe-ad9e-5818afeec67a}</UniqueIdentifier>
    </Filter>
  </ItemGroup>
  <ItemGroup>
    <ClCompile Include="main.cpp">
      <Filter>Source Files</Filter>
    </ClCompile>
    <ClCompile Include="Timer.cpp">
      <Filter>Source Files</Filter>
    </ClCompile>
    <ClCompile Include="AnimatedTexture.cpp">
      <Filter>Source Files\Entities</Filter>
    </ClCompile>
    <ClCompile Include="AssetManager.cpp">
      <Filter>Source Files\Managers</Filter>
    </ClCompile>
    <ClCompile Include="AudioManager.cpp">
      <Filter>Source Files\Managers</Filter>
    </ClCompile>
    <ClCompile Include="BoxCollider.cpp">
      <Filter>Source Files\Physics</Filter>
    </ClCompile>
    <ClCompile Include="CircleCollider.cpp">
      <Filter>Source Files\Physics</Filter>
    </ClCompile>
    <ClCompile Include="Collider.cpp">
      <Filter>Source Files\Physics</Filter>
    </ClCompile>
    <ClCompile Include="GameEntity.cpp">
      <Filter>Source Files\Entities</Filter>
    </ClCompile>
    <ClCompile Include="Graphics.cpp">
      <Filter>Source Files\Managers</Filter>
    </ClCompile>
    <ClCompile Include="GameManager.cpp">
      <Filter>Source Files\Managers</Filter>
    </ClCompile>
    <ClCompile Include="InputManager.cpp">
      <Filter>Source Files\Managers</Filter>
    </ClCompile>
    <ClCompile Include="Particle.cpp">
      <Filter>Source Files\Entities</Filter>
    </ClCompile>
    <ClCompile Include="PhysEntity.cpp">
      <Filter>Source Files\Physics</Filter>
    </ClCompile>
    <ClCompile Include="PhysicsManager.cpp">
      <Filter>Source Files\Physics</Filter>
    </ClCompile>
    <ClCompile Include="Texture.cpp">
      <Filter>Source Files\Entities</Filter>
    </ClCompile>
    <ClCompile Include="StartScreen.cpp">
      <Filter>Source Files\Tanks\Screens</Filter>
    </ClCompile>
    <ClCompile Include="Background.cpp">
      <Filter>Source Files</Filter>
    </ClCompile>
    <ClCompile Include="PlayScreen.cpp">
      <Filter>Source Files\Tanks\Screens</Filter>
    </ClCompile>
    <ClCompile Include="Level.cpp">
      <Filter>Source Files</Filter>
    </ClCompile>
    <ClCompile Include="ScreenManager.cpp">
      <Filter>Source Files\Tanks\Screens</Filter>
    </ClCompile>
    <ClCompile Include="Player.cpp">
      <Filter>Source Files\Tanks\Actors</Filter>
    </ClCompile>
    <ClCompile Include="Tank.cpp">
      <Filter>Source Files\Tanks\Actors</Filter>
    </ClCompile>
    <ClCompile Include="Bullet.cpp">
      <Filter>Source Files\Tanks\Actors</Filter>
    </ClCompile>
    <ClCompile Include="Tile.cpp">
      <Filter>Source Files\Entities</Filter>
    </ClCompile>
    <ClCompile Include="TileManager.cpp">
      <Filter>Source Files\Managers</Filter>
    </ClCompile>
    <ClCompile Include="InstructionScreen.cpp">
      <Filter>Source Files\Tanks\Screens</Filter>
    </ClCompile>
    <ClCompile Include="Enemy.cpp">
      <Filter>Source Files\Tanks\Enemies</Filter>
    </ClCompile>
    <ClCompile Include="Scout.cpp">
      <Filter>Source Files\Tanks\Enemies</Filter>
    </ClCompile>
    <ClCompile Include="PlayerUI.cpp">
      <Filter>Source Files\Tanks\Interface</Filter>
    </ClCompile>
    <ClCompile Include="ScoreBoard.cpp">
      <Filter>Source Files\Tanks\Interface</Filter>
    </ClCompile>
    <ClCompile Include="Defender.cpp">
      <Filter>Source Files\Tanks\Enemies</Filter>
    </ClCompile>
    <ClCompile Include="Raider.cpp">
      <Filter>Source Files\Tanks\Enemies</Filter>
    </ClCompile>
  </ItemGroup>
  <ItemGroup>
    <ClInclude Include="MathHelper.h">
      <Filter>Header Files</Filter>
    </ClInclude>
    <ClInclude Include="Timer.h">
      <Filter>Header Files</Filter>
    </ClInclude>
    <ClInclude Include="AnimatedTexture.h">
      <Filter>Header Files\Entities</Filter>
    </ClInclude>
    <ClInclude Include="AssetManager.h">
      <Filter>Header Files\Managers</Filter>
    </ClInclude>
    <ClInclude Include="AudioManager.h">
      <Filter>Header Files\Managers</Filter>
    </ClInclude>
    <ClInclude Include="BoxCollider.h">
      <Filter>Header Files\Physics</Filter>
    </ClInclude>
    <ClInclude Include="CircleCollider.h">
      <Filter>Header Files\Physics</Filter>
    </ClInclude>
    <ClInclude Include="Collider.h">
      <Filter>Header Files\Physics</Filter>
    </ClInclude>
    <ClInclude Include="GameEntity.h">
      <Filter>Header Files\Entities</Filter>
    </ClInclude>
    <ClInclude Include="PhysEntity.h">
      <Filter>Header Files\Physics</Filter>
    </ClInclude>
    <ClInclude Include="Particle.h">
      <Filter>Header Files\Entities</Filter>
    </ClInclude>
    <ClInclude Include="Texture.h">
      <Filter>Header Files\Entities</Filter>
    </ClInclude>
    <ClInclude Include="GameManager.h">
      <Filter>Header Files\Managers</Filter>
    </ClInclude>
    <ClInclude Include="Graphics.h">
      <Filter>Header Files\Managers</Filter>
    </ClInclude>
    <ClInclude Include="InputManager.h">
      <Filter>Header Files\Managers</Filter>
    </ClInclude>
    <ClInclude Include="PhysicsHelper.h">
      <Filter>Header Files\Physics</Filter>
    </ClInclude>
    <ClInclude Include="PhysicsManager.h">
      <Filter>Header Files\Physics</Filter>
    </ClInclude>
    <ClInclude Include="StartScreen.h">
      <Filter>Header Files\Tanks\Screens</Filter>
    </ClInclude>
    <ClInclude Include="Background.h">
      <Filter>Header Files</Filter>
    </ClInclude>
    <ClInclude Include="PlayScreen.h">
      <Filter>Header Files\Tanks\Screens</Filter>
    </ClInclude>
    <ClInclude Include="Level.h">
      <Filter>Header Files</Filter>
    </ClInclude>
    <ClInclude Include="ScreenManager.h">
      <Filter>Header Files\Tanks\Screens</Filter>
    </ClInclude>
    <ClInclude Include="Player.h">
      <Filter>Header Files\Tanks\Actors</Filter>
    </ClInclude>
    <ClInclude Include="Tank.h">
      <Filter>Header Files\Tanks\Actors</Filter>
    </ClInclude>
    <ClInclude Include="Bullet.h">
      <Filter>Header Files\Tanks\Actors</Filter>
    </ClInclude>
    <ClInclude Include="Tile.h">
      <Filter>Header Files\Entities</Filter>
    </ClInclude>
    <ClInclude Include="TileManager.h">
      <Filter>Header Files\Managers</Filter>
    </ClInclude>
    <ClInclude Include="InstructionScreen.h">
      <Filter>Header Files\Tanks\Screens</Filter>
    </ClInclude>
    <ClInclude Include="Enemy.h">
      <Filter>Header Files\Tanks\Enemies</Filter>
    </ClInclude>
    <ClInclude Include="Scout.h">
      <Filter>Header Files\Tanks\Enemies</Filter>
    </ClInclude>
    <ClInclude Include="PlayerUI.h">
      <Filter>Header Files\Tanks\Interface</Filter>
    </ClInclude>
    <ClInclude Include="ScoreBoard.h">
      <Filter>Header Files\Tanks\Interface</Filter>
    </ClInclude>
    <ClInclude Include="Defender.h">
      <Filter>Header Files\Tanks\Enemies</Filter>
    </ClInclude>
    <ClInclude Include="Raider.h">
      <Filter>Header Files\Tanks\Enemies</Filter>
    </ClInclude>
  </ItemGroup>
</Project>